
Microsoft Visual Studio Solution File, Format Version 12.00
# Visual Studio 14
VisualStudioVersion = 14.0.23107.0
MinimumVisualStudioVersion = 10.0.40219.1
Project("{2150E333-8FDC-42A3-9474-1A3956D46DE8}") = "src", "src", "{D530F0DC-47EF-45C3-81B1-B76DB7B07F3F}"
EndProject
Project("{2150E333-8FDC-42A3-9474-1A3956D46DE8}") = "Solution Items", "Solution Items", "{7251E87A-9CA1-46D5-A5F8-7D371B14AF40}"
	ProjectSection(SolutionItems) = preProject
		global.json = global.json
	EndProjectSection
EndProject
Project("{8BB2217D-0F2D-49D1-97BC-3654ED321F3B}") = "ToDoApi", "src\ToDoApi\ToDoApi.xproj", "{F158512A-F166-4889-84C5-BF02B8B20918}"
EndProject
Project("{FAE04EC0-301F-11D3-BF4B-00C04F79EFBC}") = "ToDoApi.Web", "ToDoApi.Web\ToDoApi.Web.csproj", "{AA8DD427-6F14-4D0A-AAF3-72265585ABA0}"
EndProject
Project("{FAE04EC0-301F-11D3-BF4B-00C04F79EFBC}") = "TodoAngularJS.Data", "TodoAngularJS.Data\TodoAngularJS.Data.csproj", "{599FE6ED-1EFA-48A1-BE31-4A0B5C59D366}"
EndProject
Global
	GlobalSection(SolutionConfigurationPlatforms) = preSolution
		Debug|Any CPU = Debug|Any CPU
		Release|Any CPU = Release|Any CPU
	EndGlobalSection
	GlobalSection(ProjectConfigurationPlatforms) = postSolution
		{F158512A-F166-4889-84C5-BF02B8B20918}.Debug|Any CPU.ActiveCfg = Debug|Any CPU
		{F158512A-F166-4889-84C5-BF02B8B20918}.Debug|Any CPU.Build.0 = Debug|Any CPU
		{F158512A-F166-4889-84C5-BF02B8B20918}.Release|Any CPU.ActiveCfg = Release|Any CPU
		{F158512A-F166-4889-84C5-BF02B8B20918}.Release|Any CPU.Build.0 = Release|Any CPU
		{AA8DD427-6F14-4D0A-AAF3-72265585ABA0}.Debug|Any CPU.ActiveCfg = Debug|Any CPU
		{AA8DD427-6F14-4D0A-AAF3-72265585ABA0}.Debug|Any CPU.Build.0 = Debug|Any CPU
		{AA8DD427-6F14-4D0A-AAF3-72265585ABA0}.Release|Any CPU.ActiveCfg = Release|Any CPU
		{AA8DD427-6F14-4D0A-AAF3-72265585ABA0}.Release|Any CPU.Build.0 = Release|Any CPU
		{599FE6ED-1EFA-48A1-BE31-4A0B5C59D366}.Debug|Any CPU.ActiveCfg = Debug|Any CPU
		{599FE6ED-1EFA-48A1-BE31-4A0B5C59D366}.Debug|Any CPU.Build.0 = Debug|Any CPU
		{599FE6ED-1EFA-48A1-BE31-4A0B5C59D366}.Release|Any CPU.ActiveCfg = Release|Any CPU
		{599FE6ED-1EFA-48A1-BE31-4A0B5C59D366}.Release|Any CPU.Build.0 = Release|Any CPU
	EndGlobalSection
	GlobalSection(SolutionProperties) = preSolution
		HideSolutionNode = FALSE
	EndGlobalSection
	GlobalSection(NestedProjects) = preSolution
		{F158512A-F166-4889-84C5-BF02B8B20918} = {D530F0DC-47EF-45C3-81B1-B76DB7B07F3F}
	EndGlobalSection
EndGlobal
